
Microsoft Visual Studio Solution File, Format Version 12.00
# Visual Studio 15
VisualStudioVersion = 15.0.28307.902
MinimumVisualStudioVersion = 10.0.40219.1
Project("{8BC9CEB8-8B4A-11D0-8D11-00A0C91BC942}") = "2019_12_09", "2019_12_09\2019_12_09.vcxproj", "{C4195A2A-AAB5-4A3D-BFD4-4BBC12DA3464}"
EndProject
Project("{8BC9CEB8-8B4A-11D0-8D11-00A0C91BC942}") = "2019_12_11", "2019_12_11\2019_12_11.vcxproj", "{92375B9D-B994-4FB6-83C6-1DEDFA9F54AA}"
EndProject
Project("{8BC9CEB8-8B4A-11D0-8D11-00A0C91BC942}") = "2019_12_13", "2019_12_13\2019_12_13.vcxproj", "{92C2525C-41F8-4BFE-81B3-EB876784225A}"
EndProject
Project("{8BC9CEB8-8B4A-11D0-8D11-00A0C91BC942}") = "2019_12_12", "2019_12_12\2019_12_12.vcxproj", "{5DF854D9-7459-4BAE-A7BB-DD04F24F803B}"
EndProject
Project("{8BC9CEB8-8B4A-11D0-8D11-00A0C91BC942}") = "2019_12_14", "2019_12_14\2019_12_14.vcxproj", "{BDDFFEC0-126C-4096-A282-C4CBC4E57CFE}"
EndProject
Project("{8BC9CEB8-8B4A-11D0-8D11-00A0C91BC942}") = "2019_12_16", "2019_12_16\2019_12_16.vcxproj", "{1F6E1CDA-55E2-49E0-B1A0-C14CA8E4B75D}"
EndProject
Project("{8BC9CEB8-8B4A-11D0-8D11-00A0C91BC942}") = "2019_12_17", "2019_12_17\2019_12_17.vcxproj", "{BDE8EF48-3739-47FC-9EA8-3AC6126FD326}"
EndProject
Project("{8BC9CEB8-8B4A-11D0-8D11-00A0C91BC942}") = "2019_12_18", "2019_12_18\2019_12_18.vcxproj", "{EE392A7A-5010-45F7-9868-4727A2F3277A}"
EndProject
Project("{8BC9CEB8-8B4A-11D0-8D11-00A0C91BC942}") = "2019_12_19", "2019_12_19\2019_12_19.vcxproj", "{9640340B-0AB4-49D1-9AE1-3B29FB09EBD0}"
EndProject
Project("{8BC9CEB8-8B4A-11D0-8D11-00A0C91BC942}") = "2019_12_20", "2019_12_20\2019_12_20.vcxproj", "{8744EA36-F2F9-468E-BAE1-3EB91887BB1D}"
EndProject
Project("{8BC9CEB8-8B4A-11D0-8D11-00A0C91BC942}") = "2019_12_23", "2019_12_23\2019_12_23.vcxproj", "{FA4AFD37-5631-4641-913F-D5A17964686A}"
EndProject
Project("{8BC9CEB8-8B4A-11D0-8D11-00A0C91BC942}") = "2019_12_24", "2019_12_24\2019_12_24.vcxproj", "{81743D13-202A-4E32-89E5-F55E8F4229E5}"
EndProject
Project("{8BC9CEB8-8B4A-11D0-8D11-00A0C91BC942}") = "TETRIS", "Tetris\TETRIS.vcxproj", "{01EC7087-4D9F-4870-B53D-E6E2E0EEE55A}"
EndProject
Project("{8BC9CEB8-8B4A-11D0-8D11-00A0C91BC942}") = "2019_12_10", "2019_12_10\2019_12_10.vcxproj", "{51C5C405-8BF6-4157-90E3-FC3DD10591AF}"
EndProject
Global
	GlobalSection(SolutionConfigurationPlatforms) = preSolution
		Debug|x64 = Debug|x64
		Debug|x86 = Debug|x86
		Release|x64 = Release|x64
		Release|x86 = Release|x86
	EndGlobalSection
	GlobalSection(ProjectConfigurationPlatforms) = postSolution
		{C4195A2A-AAB5-4A3D-BFD4-4BBC12DA3464}.Debug|x64.ActiveCfg = Debug|x64
		{C4195A2A-AAB5-4A3D-BFD4-4BBC12DA3464}.Debug|x64.Build.0 = Debug|x64
		{C4195A2A-AAB5-4A3D-BFD4-4BBC12DA3464}.Debug|x86.ActiveCfg = Debug|Win32
		{C4195A2A-AAB5-4A3D-BFD4-4BBC12DA3464}.Debug|x86.Build.0 = Debug|Win32
		{C4195A2A-AAB5-4A3D-BFD4-4BBC12DA3464}.Release|x64.ActiveCfg = Release|x64
		{C4195A2A-AAB5-4A3D-BFD4-4BBC12DA3464}.Release|x64.Build.0 = Release|x64
		{C4195A2A-AAB5-4A3D-BFD4-4BBC12DA3464}.Release|x86.ActiveCfg = Release|Win32
		{C4195A2A-AAB5-4A3D-BFD4-4BBC12DA3464}.Release|x86.Build.0 = Release|Win32
		{92375B9D-B994-4FB6-83C6-1DEDFA9F54AA}.Debug|x64.ActiveCfg = Debug|x64
		{92375B9D-B994-4FB6-83C6-1DEDFA9F54AA}.Debug|x64.Build.0 = Debug|x64
		{92375B9D-B994-4FB6-83C6-1DEDFA9F54AA}.Debug|x86.ActiveCfg = Debug|Win32
		{92375B9D-B994-4FB6-83C6-1DEDFA9F54AA}.Debug|x86.Build.0 = Debug|Win32
		{92375B9D-B994-4FB6-83C6-1DEDFA9F54AA}.Release|x64.ActiveCfg = Release|x64
		{92375B9D-B994-4FB6-83C6-1DEDFA9F54AA}.Release|x64.Build.0 = Release|x64
		{92375B9D-B994-4FB6-83C6-1DEDFA9F54AA}.Release|x86.ActiveCfg = Release|Win32
		{92375B9D-B994-4FB6-83C6-1DEDFA9F54AA}.Release|x86.Build.0 = Release|Win32
		{92C2525C-41F8-4BFE-81B3-EB876784225A}.Debug|x64.ActiveCfg = Debug|x64
		{92C2525C-41F8-4BFE-81B3-EB876784225A}.Debug|x64.Build.0 = Debug|x64
		{92C2525C-41F8-4BFE-81B3-EB876784225A}.Debug|x86.ActiveCfg = Debug|Win32
		{92C2525C-41F8-4BFE-81B3-EB876784225A}.Debug|x86.Build.0 = Debug|Win32
		{92C2525C-41F8-4BFE-81B3-EB876784225A}.Release|x64.ActiveCfg = Release|x64
		{92C2525C-41F8-4BFE-81B3-EB876784225A}.Release|x64.Build.0 = Release|x64
		{92C2525C-41F8-4BFE-81B3-EB876784225A}.Release|x86.ActiveCfg = Release|Win32
		{92C2525C-41F8-4BFE-81B3-EB876784225A}.Release|x86.Build.0 = Release|Win32
		{5DF854D9-7459-4BAE-A7BB-DD04F24F803B}.Debug|x64.ActiveCfg = Debug|x64
		{5DF854D9-7459-4BAE-A7BB-DD04F24F803B}.Debug|x64.Build.0 = Debug|x64
		{5DF854D9-7459-4BAE-A7BB-DD04F24F803B}.Debug|x86.ActiveCfg = Debug|Win32
		{5DF854D9-7459-4BAE-A7BB-DD04F24F803B}.Debug|x86.Build.0 = Debug|Win32
		{5DF854D9-7459-4BAE-A7BB-DD04F24F803B}.Release|x64.ActiveCfg = Release|x64
		{5DF854D9-7459-4BAE-A7BB-DD04F24F803B}.Release|x64.Build.0 = Release|x64
		{5DF854D9-7459-4BAE-A7BB-DD04F24F803B}.Release|x86.ActiveCfg = Release|Win32
		{5DF854D9-7459-4BAE-A7BB-DD04F24F803B}.Release|x86.Build.0 = Release|Win32
		{BDDFFEC0-126C-4096-A282-C4CBC4E57CFE}.Debug|x64.ActiveCfg = Debug|x64
		{BDDFFEC0-126C-4096-A282-C4CBC4E57CFE}.Debug|x64.Build.0 = Debug|x64
		{BDDFFEC0-126C-4096-A282-C4CBC4E57CFE}.Debug|x86.ActiveCfg = Debug|Win32
		{BDDFFEC0-126C-4096-A282-C4CBC4E57CFE}.Debug|x86.Build.0 = Debug|Win32
		{BDDFFEC0-126C-4096-A282-C4CBC4E57CFE}.Release|x64.ActiveCfg = Release|x64
		{BDDFFEC0-126C-4096-A282-C4CBC4E57CFE}.Release|x64.Build.0 = Release|x64
		{BDDFFEC0-126C-4096-A282-C4CBC4E57CFE}.Release|x86.ActiveCfg = Release|Win32
		{BDDFFEC0-126C-4096-A282-C4CBC4E57CFE}.Release|x86.Build.0 = Release|Win32
		{1F6E1CDA-55E2-49E0-B1A0-C14CA8E4B75D}.Debug|x64.ActiveCfg = Debug|x64
		{1F6E1CDA-55E2-49E0-B1A0-C14CA8E4B75D}.Debug|x64.Build.0 = Debug|x64
		{1F6E1CDA-55E2-49E0-B1A0-C14CA8E4B75D}.Debug|x86.ActiveCfg = Debug|Win32
		{1F6E1CDA-55E2-49E0-B1A0-C14CA8E4B75D}.Debug|x86.Build.0 = Debug|Win32
		{1F6E1CDA-55E2-49E0-B1A0-C14CA8E4B75D}.Release|x64.ActiveCfg = Release|x64
		{1F6E1CDA-55E2-49E0-B1A0-C14CA8E4B75D}.Release|x64.Build.0 = Release|x64
		{1F6E1CDA-55E2-49E0-B1A0-C14CA8E4B75D}.Release|x86.ActiveCfg = Release|Win32
		{1F6E1CDA-55E2-49E0-B1A0-C14CA8E4B75D}.Release|x86.Build.0 = Release|Win32
		{BDE8EF48-3739-47FC-9EA8-3AC6126FD326}.Debug|x64.ActiveCfg = Debug|x64
		{BDE8EF48-3739-47FC-9EA8-3AC6126FD326}.Debug|x64.Build.0 = Debug|x64
		{BDE8EF48-3739-47FC-9EA8-3AC6126FD326}.Debug|x86.ActiveCfg = Debug|Win32
		{BDE8EF48-3739-47FC-9EA8-3AC6126FD326}.Debug|x86.Build.0 = Debug|Win32
		{BDE8EF48-3739-47FC-9EA8-3AC6126FD326}.Release|x64.ActiveCfg = Release|x64
		{BDE8EF48-3739-47FC-9EA8-3AC6126FD326}.Release|x64.Build.0 = Release|x64
		{BDE8EF48-3739-47FC-9EA8-3AC6126FD326}.Release|x86.ActiveCfg = Release|Win32
		{BDE8EF48-3739-47FC-9EA8-3AC6126FD326}.Release|x86.Build.0 = Release|Win32
		{EE392A7A-5010-45F7-9868-4727A2F3277A}.Debug|x64.ActiveCfg = Debug|x64
		{EE392A7A-5010-45F7-9868-4727A2F3277A}.Debug|x64.Build.0 = Debug|x64
		{EE392A7A-5010-45F7-9868-4727A2F3277A}.Debug|x86.ActiveCfg = Debug|Win32
		{EE392A7A-5010-45F7-9868-4727A2F3277A}.Debug|x86.Build.0 = Debug|Win32
		{EE392A7A-5010-45F7-9868-4727A2F3277A}.Release|x64.ActiveCfg = Release|x64
		{EE392A7A-5010-45F7-9868-4727A2F3277A}.Release|x64.Build.0 = Release|x64
		{EE392A7A-5010-45F7-9868-4727A2F3277A}.Release|x86.ActiveCfg = Release|Win32
		{EE392A7A-5010-45F7-9868-4727A2F3277A}.Release|x86.Build.0 = Release|Win32
		{9640340B-0AB4-49D1-9AE1-3B29FB09EBD0}.Debug|x64.ActiveCfg = Debug|x64
		{9640340B-0AB4-49D1-9AE1-3B29FB09EBD0}.Debug|x64.Build.0 = Debug|x64
		{9640340B-0AB4-49D1-9AE1-3B29FB09EBD0}.Debug|x86.ActiveCfg = Debug|Win32
		{9640340B-0AB4-49D1-9AE1-3B29FB09EBD0}.Debug|x86.Build.0 = Debug|Win32
		{9640340B-0AB4-49D1-9AE1-3B29FB09EBD0}.Release|x64.ActiveCfg = Release|x64
		{9640340B-0AB4-49D1-9AE1-3B29FB09EBD0}.Release|x64.Build.0 = Release|x64
		{9640340B-0AB4-49D1-9AE1-3B29FB09EBD0}.Release|x86.ActiveCfg = Release|Win32
		{9640340B-0AB4-49D1-9AE1-3B29FB09EBD0}.Release|x86.Build.0 = Release|Win32
		{8744EA36-F2F9-468E-BAE1-3EB91887BB1D}.Debug|x64.ActiveCfg = Debug|x64
		{8744EA36-F2F9-468E-BAE1-3EB91887BB1D}.Debug|x64.Build.0 = Debug|x64
		{8744EA36-F2F9-468E-BAE1-3EB91887BB1D}.Debug|x86.ActiveCfg = Debug|Win32
		{8744EA36-F2F9-468E-BAE1-3EB91887BB1D}.Debug|x86.Build.0 = Debug|Win32
		{8744EA36-F2F9-468E-BAE1-3EB91887BB1D}.Release|x64.ActiveCfg = Release|x64
		{8744EA36-F2F9-468E-BAE1-3EB91887BB1D}.Release|x64.Build.0 = Release|x64
		{8744EA36-F2F9-468E-BAE1-3EB91887BB1D}.Release|x86.ActiveCfg = Release|Win32
		{8744EA36-F2F9-468E-BAE1-3EB91887BB1D}.Release|x86.Build.0 = Release|Win32
		{FA4AFD37-5631-4641-913F-D5A17964686A}.Debug|x64.ActiveCfg = Debug|x64
		{FA4AFD37-5631-4641-913F-D5A17964686A}.Debug|x64.Build.0 = Debug|x64
		{FA4AFD37-5631-4641-913F-D5A17964686A}.Debug|x86.ActiveCfg = Debug|Win32
		{FA4AFD37-5631-4641-913F-D5A17964686A}.Debug|x86.Build.0 = Debug|Win32
		{FA4AFD37-5631-4641-913F-D5A17964686A}.Release|x64.ActiveCfg = Release|x64
		{FA4AFD37-5631-4641-913F-D5A17964686A}.Release|x64.Build.0 = Release|x64
		{FA4AFD37-5631-4641-913F-D5A17964686A}.Release|x86.ActiveCfg = Release|Win32
		{FA4AFD37-5631-4641-913F-D5A17964686A}.Release|x86.Build.0 = Release|Win32
		{81743D13-202A-4E32-89E5-F55E8F4229E5}.Debug|x64.ActiveCfg = Debug|x64
		{81743D13-202A-4E32-89E5-F55E8F4229E5}.Debug|x64.Build.0 = Debug|x64
		{81743D13-202A-4E32-89E5-F55E8F4229E5}.Debug|x86.ActiveCfg = Debug|Win32
		{81743D13-202A-4E32-89E5-F55E8F4229E5}.Debug|x86.Build.0 = Debug|Win32
		{81743D13-202A-4E32-89E5-F55E8F4229E5}.Release|x64.ActiveCfg = Release|x64
		{81743D13-202A-4E32-89E5-F55E8F4229E5}.Release|x64.Build.0 = Release|x64
		{81743D13-202A-4E32-89E5-F55E8F4229E5}.Release|x86.ActiveCfg = Release|Win32
		{81743D13-202A-4E32-89E5-F55E8F4229E5}.Release|x86.Build.0 = Release|Win32
		{01EC7087-4D9F-4870-B53D-E6E2E0EEE55A}.Debug|x64.ActiveCfg = Debug|x64
		{01EC7087-4D9F-4870-B53D-E6E2E0EEE55A}.Debug|x64.Build.0 = Debug|x64
		{01EC7087-4D9F-4870-B53D-E6E2E0EEE55A}.Debug|x86.ActiveCfg = Debug|Win32
		{01EC7087-4D9F-4870-B53D-E6E2E0EEE55A}.Debug|x86.Build.0 = Debug|Win32
		{01EC7087-4D9F-4870-B53D-E6E2E0EEE55A}.Release|x64.ActiveCfg = Release|x64
		{01EC7087-4D9F-4870-B53D-E6E2E0EEE55A}.Release|x64.Build.0 = Release|x64
		{01EC7087-4D9F-4870-B53D-E6E2E0EEE55A}.Release|x86.ActiveCfg = Release|Win32
		{01EC7087-4D9F-4870-B53D-E6E2E0EEE55A}.Release|x86.Build.0 = Release|Win32
		{51C5C405-8BF6-4157-90E3-FC3DD10591AF}.Debug|x64.ActiveCfg = Debug|x64
		{51C5C405-8BF6-4157-90E3-FC3DD10591AF}.Debug|x64.Build.0 = Debug|x64
		{51C5C405-8BF6-4157-90E3-FC3DD10591AF}.Debug|x86.ActiveCfg = Debug|Win32
		{51C5C405-8BF6-4157-90E3-FC3DD10591AF}.Debug|x86.Build.0 = Debug|Win32
		{51C5C405-8BF6-4157-90E3-FC3DD10591AF}.Release|x64.ActiveCfg = Release|x64
		{51C5C405-8BF6-4157-90E3-FC3DD10591AF}.Release|x64.Build.0 = Release|x64
		{51C5C405-8BF6-4157-90E3-FC3DD10591AF}.Release|x86.ActiveCfg = Release|Win32
		{51C5C405-8BF6-4157-90E3-FC3DD10591AF}.Release|x86.Build.0 = Release|Win32
	EndGlobalSection
	GlobalSection(SolutionProperties) = preSolution
		HideSolutionNode = FALSE
	EndGlobalSection
	GlobalSection(ExtensibilityGlobals) = postSolution
		SolutionGuid = {81F075B6-2D74-4E38-966B-AB0DA79DF22F}
	EndGlobalSection
EndGlobal
