
Microsoft Visual Studio Solution File, Format Version 12.00
# Visual Studio 15
Project("{8BC9CEB8-8B4A-11D0-8D11-00A0C91BC942}") = "2019_12_26", "2019_12_26\2019_12_26.vcxproj", "{1A789214-0630-D461-6F37-ADBD5B0E6F52}"
EndProject
Project("{8BC9CEB8-8B4A-11D0-8D11-00A0C91BC942}") = "2019_12_30", "2019_12_30\2019_12_30.vcxproj", "{35789214-2130-D461-8A37-ADBD760E6F52}"
EndProject
Project("{8BC9CEB8-8B4A-11D0-8D11-00A0C91BC942}") = "2019_12_31", "2019_12_31\2019_12_31.vcxproj", "{36789214-2230-D461-8B37-ADBD770E6F52}"
EndProject
Project("{8BC9CEB8-8B4A-11D0-8D11-00A0C91BC942}") = "2020_01_06", "2020_01_06\2020_01_06.vcxproj", "{0E85F54B-FA3C-3799-6344-10F54F1BD289}"
EndProject
Project("{8BC9CEB8-8B4A-11D0-8D11-00A0C91BC942}") = "HOMEWORK_TEMPLATE", "HOMEWORK_TEMPLATE\HOMEWORK_TEMPLATE.vcxproj", "{6CA18FD1-D8B7-8D67-212F-19898D845EEF}"
EndProject
Project("{8BC9CEB8-8B4A-11D0-8D11-00A0C91BC942}") = "WindowApiLib", "WindowApiLib\WindowApiLib.vcxproj", "{4ED226C4-3A35-B668-E3BA-EE1ECFFC81EB}"
EndProject
Project("{8BC9CEB8-8B4A-11D0-8D11-00A0C91BC942}") = "_WhiteBoard", "_WhiteBoard\_WhiteBoard.vcxproj", "{EDFFDBD3-59B5-54C9-E2A9-4EA04E5E4BCD}"
EndProject
Global
	GlobalSection(SolutionConfigurationPlatforms) = preSolution
		Debug|Win32 = Debug|Win32
		Debug|x64 = Debug|x64
		Release|Win32 = Release|Win32
		Release|x64 = Release|x64
	EndGlobalSection
	GlobalSection(ProjectConfigurationPlatforms) = postSolution
		{1A789214-0630-D461-6F37-ADBD5B0E6F52}.Debug|Win32.ActiveCfg = Debug|Win32
		{1A789214-0630-D461-6F37-ADBD5B0E6F52}.Debug|Win32.Build.0 = Debug|Win32
		{1A789214-0630-D461-6F37-ADBD5B0E6F52}.Debug|x64.ActiveCfg = Debug|x64
		{1A789214-0630-D461-6F37-ADBD5B0E6F52}.Debug|x64.Build.0 = Debug|x64
		{1A789214-0630-D461-6F37-ADBD5B0E6F52}.Release|Win32.ActiveCfg = Release|Win32
		{1A789214-0630-D461-6F37-ADBD5B0E6F52}.Release|Win32.Build.0 = Release|Win32
		{1A789214-0630-D461-6F37-ADBD5B0E6F52}.Release|x64.ActiveCfg = Release|x64
		{1A789214-0630-D461-6F37-ADBD5B0E6F52}.Release|x64.Build.0 = Release|x64
		{35789214-2130-D461-8A37-ADBD760E6F52}.Debug|Win32.ActiveCfg = Debug|Win32
		{35789214-2130-D461-8A37-ADBD760E6F52}.Debug|Win32.Build.0 = Debug|Win32
		{35789214-2130-D461-8A37-ADBD760E6F52}.Debug|x64.ActiveCfg = Debug|x64
		{35789214-2130-D461-8A37-ADBD760E6F52}.Debug|x64.Build.0 = Debug|x64
		{35789214-2130-D461-8A37-ADBD760E6F52}.Release|Win32.ActiveCfg = Release|Win32
		{35789214-2130-D461-8A37-ADBD760E6F52}.Release|Win32.Build.0 = Release|Win32
		{35789214-2130-D461-8A37-ADBD760E6F52}.Release|x64.ActiveCfg = Release|x64
		{35789214-2130-D461-8A37-ADBD760E6F52}.Release|x64.Build.0 = Release|x64
		{36789214-2230-D461-8B37-ADBD770E6F52}.Debug|Win32.ActiveCfg = Debug|Win32
		{36789214-2230-D461-8B37-ADBD770E6F52}.Debug|Win32.Build.0 = Debug|Win32
		{36789214-2230-D461-8B37-ADBD770E6F52}.Debug|x64.ActiveCfg = Debug|x64
		{36789214-2230-D461-8B37-ADBD770E6F52}.Debug|x64.Build.0 = Debug|x64
		{36789214-2230-D461-8B37-ADBD770E6F52}.Release|Win32.ActiveCfg = Release|Win32
		{36789214-2230-D461-8B37-ADBD770E6F52}.Release|Win32.Build.0 = Release|Win32
		{36789214-2230-D461-8B37-ADBD770E6F52}.Release|x64.ActiveCfg = Release|x64
		{36789214-2230-D461-8B37-ADBD770E6F52}.Release|x64.Build.0 = Release|x64
		{0E85F54B-FA3C-3799-6344-10F54F1BD289}.Debug|Win32.ActiveCfg = Debug|Win32
		{0E85F54B-FA3C-3799-6344-10F54F1BD289}.Debug|Win32.Build.0 = Debug|Win32
		{0E85F54B-FA3C-3799-6344-10F54F1BD289}.Debug|x64.ActiveCfg = Debug|x64
		{0E85F54B-FA3C-3799-6344-10F54F1BD289}.Debug|x64.Build.0 = Debug|x64
		{0E85F54B-FA3C-3799-6344-10F54F1BD289}.Release|Win32.ActiveCfg = Release|Win32
		{0E85F54B-FA3C-3799-6344-10F54F1BD289}.Release|Win32.Build.0 = Release|Win32
		{0E85F54B-FA3C-3799-6344-10F54F1BD289}.Release|x64.ActiveCfg = Release|x64
		{0E85F54B-FA3C-3799-6344-10F54F1BD289}.Release|x64.Build.0 = Release|x64
		{6CA18FD1-D8B7-8D67-212F-19898D845EEF}.Debug|Win32.ActiveCfg = Debug|Win32
		{6CA18FD1-D8B7-8D67-212F-19898D845EEF}.Debug|Win32.Build.0 = Debug|Win32
		{6CA18FD1-D8B7-8D67-212F-19898D845EEF}.Debug|x64.ActiveCfg = Debug|x64
		{6CA18FD1-D8B7-8D67-212F-19898D845EEF}.Debug|x64.Build.0 = Debug|x64
		{6CA18FD1-D8B7-8D67-212F-19898D845EEF}.Release|Win32.ActiveCfg = Release|Win32
		{6CA18FD1-D8B7-8D67-212F-19898D845EEF}.Release|Win32.Build.0 = Release|Win32
		{6CA18FD1-D8B7-8D67-212F-19898D845EEF}.Release|x64.ActiveCfg = Release|x64
		{6CA18FD1-D8B7-8D67-212F-19898D845EEF}.Release|x64.Build.0 = Release|x64
		{4ED226C4-3A35-B668-E3BA-EE1ECFFC81EB}.Debug|Win32.ActiveCfg = Debug|Win32
		{4ED226C4-3A35-B668-E3BA-EE1ECFFC81EB}.Debug|Win32.Build.0 = Debug|Win32
		{4ED226C4-3A35-B668-E3BA-EE1ECFFC81EB}.Debug|x64.ActiveCfg = Debug|x64
		{4ED226C4-3A35-B668-E3BA-EE1ECFFC81EB}.Debug|x64.Build.0 = Debug|x64
		{4ED226C4-3A35-B668-E3BA-EE1ECFFC81EB}.Release|Win32.ActiveCfg = Release|Win32
		{4ED226C4-3A35-B668-E3BA-EE1ECFFC81EB}.Release|Win32.Build.0 = Release|Win32
		{4ED226C4-3A35-B668-E3BA-EE1ECFFC81EB}.Release|x64.ActiveCfg = Release|x64
		{4ED226C4-3A35-B668-E3BA-EE1ECFFC81EB}.Release|x64.Build.0 = Release|x64
		{EDFFDBD3-59B5-54C9-E2A9-4EA04E5E4BCD}.Debug|Win32.ActiveCfg = Debug|Win32
		{EDFFDBD3-59B5-54C9-E2A9-4EA04E5E4BCD}.Debug|Win32.Build.0 = Debug|Win32
		{EDFFDBD3-59B5-54C9-E2A9-4EA04E5E4BCD}.Debug|x64.ActiveCfg = Debug|x64
		{EDFFDBD3-59B5-54C9-E2A9-4EA04E5E4BCD}.Debug|x64.Build.0 = Debug|x64
		{EDFFDBD3-59B5-54C9-E2A9-4EA04E5E4BCD}.Release|Win32.ActiveCfg = Release|Win32
		{EDFFDBD3-59B5-54C9-E2A9-4EA04E5E4BCD}.Release|Win32.Build.0 = Release|Win32
		{EDFFDBD3-59B5-54C9-E2A9-4EA04E5E4BCD}.Release|x64.ActiveCfg = Release|x64
		{EDFFDBD3-59B5-54C9-E2A9-4EA04E5E4BCD}.Release|x64.Build.0 = Release|x64
	EndGlobalSection
	GlobalSection(SolutionProperties) = preSolution
		HideSolutionNode = FALSE
	EndGlobalSection
EndGlobal
